<?xml version="1.0" encoding="utf-8"?>
<Project ToolsVersion="4.0" xmlns="http://schemas.microsoft.com/developer/msbuild/2003">
  <ItemGroup>
    <Filter Include="version1">
      <UniqueIdentifier>{a0c8c28a-7d45-41eb-9758-a15d67c22cf1}</UniqueIdentifier>
    </Filter>
    <Filter Include="version1\头文件">
      <UniqueIdentifier>{93995380-89BD-4b04-88EB-625FBE52EBFB}</UniqueIdentifier>
      <Extensions>h;hh;hpp;hxx;h++;hm;inl;inc;ipp;xsd</Extensions>
    </Filter>
    <Filter Include="version1\源文件">
      <UniqueIdentifier>{4FC737F1-C7A5-4376-A066-2A32D752A2FF}</UniqueIdentifier>
      <Extensions>cpp;c;cc;cxx;c++;cppm;ixx;def;odl;idl;hpj;bat;asm;asmx</Extensions>
    </Filter>
  </ItemGroup>
  <ItemGroup>
    <ClCompile Include="version1\MemoryPool.cpp">
      <Filter>version1\源文件</Filter>
    </ClCompile>
    <ClCompile Include="UnitTest.cpp" />
  </ItemGroup>
  <ItemGroup>
    <ClInclude Include="version1\HashBucket.h">
      <Filter>version1\头文件</Filter>
    </ClInclude>
    <ClInclude Include="version1\MemoryPool.h">
      <Filter>version1\头文件</Filter>
    </ClInclude>
    <ClInclude Include="version1\MemoryPoolInterface.h">
      <Filter>version1\头文件</Filter>
    </ClInclude>
  </ItemGroup>
</Project>